
Microsoft Visual Studio Solution File, Format Version 12.00
# Visual Studio Version 17
VisualStudioVersion = 17.9.34701.34
MinimumVisualStudioVersion = 10.0.40219.1
Project("{FAE04EC0-301F-11D3-BF4B-00C04F79EFBC}") = "IS.API1", "IS.API1\IS.API1.csproj", "{4E673B65-447B-49BD-9756-3DCAB4F604A2}"
EndProject
Project("{FAE04EC0-301F-11D3-BF4B-00C04F79EFBC}") = "IS.API2", "IS.API2\IS.API2.csproj", "{780E137E-E51F-4CEB-AD4F-B5F2F1D8F30C}"
EndProject
Project("{FAE04EC0-301F-11D3-BF4B-00C04F79EFBC}") = "IS.Client1", "IS.Client1\IS.Client1.csproj", "{9C3B126D-71B3-423F-8BF0-6EF897E8C404}"
EndProject
Project("{FAE04EC0-301F-11D3-BF4B-00C04F79EFBC}") = "IS.Client2", "IS.Client2\IS.Client2.csproj", "{5CF58FF8-BFF4-4844-95C4-55CBAC64D09E}"
EndProject
Project("{FAE04EC0-301F-11D3-BF4B-00C04F79EFBC}") = "IS.IdentityServer", "IS.IdentityServer\IS.IdentityServer.csproj", "{ADCCEBA8-3B47-4101-B093-5AD6A9689C95}"
EndProject
Global
	GlobalSection(SolutionConfigurationPlatforms) = preSolution
		Debug|Any CPU = Debug|Any CPU
		Release|Any CPU = Release|Any CPU
	EndGlobalSection
	GlobalSection(ProjectConfigurationPlatforms) = postSolution
		{4E673B65-447B-49BD-9756-3DCAB4F604A2}.Debug|Any CPU.ActiveCfg = Debug|Any CPU
		{4E673B65-447B-49BD-9756-3DCAB4F604A2}.Debug|Any CPU.Build.0 = Debug|Any CPU
		{4E673B65-447B-49BD-9756-3DCAB4F604A2}.Release|Any CPU.ActiveCfg = Release|Any CPU
		{4E673B65-447B-49BD-9756-3DCAB4F604A2}.Release|Any CPU.Build.0 = Release|Any CPU
		{780E137E-E51F-4CEB-AD4F-B5F2F1D8F30C}.Debug|Any CPU.ActiveCfg = Debug|Any CPU
		{780E137E-E51F-4CEB-AD4F-B5F2F1D8F30C}.Debug|Any CPU.Build.0 = Debug|Any CPU
		{780E137E-E51F-4CEB-AD4F-B5F2F1D8F30C}.Release|Any CPU.ActiveCfg = Release|Any CPU
		{780E137E-E51F-4CEB-AD4F-B5F2F1D8F30C}.Release|Any CPU.Build.0 = Release|Any CPU
		{9C3B126D-71B3-423F-8BF0-6EF897E8C404}.Debug|Any CPU.ActiveCfg = Debug|Any CPU
		{9C3B126D-71B3-423F-8BF0-6EF897E8C404}.Debug|Any CPU.Build.0 = Debug|Any CPU
		{9C3B126D-71B3-423F-8BF0-6EF897E8C404}.Release|Any CPU.ActiveCfg = Release|Any CPU
		{9C3B126D-71B3-423F-8BF0-6EF897E8C404}.Release|Any CPU.Build.0 = Release|Any CPU
		{5CF58FF8-BFF4-4844-95C4-55CBAC64D09E}.Debug|Any CPU.ActiveCfg = Debug|Any CPU
		{5CF58FF8-BFF4-4844-95C4-55CBAC64D09E}.Debug|Any CPU.Build.0 = Debug|Any CPU
		{5CF58FF8-BFF4-4844-95C4-55CBAC64D09E}.Release|Any CPU.ActiveCfg = Release|Any CPU
		{5CF58FF8-BFF4-4844-95C4-55CBAC64D09E}.Release|Any CPU.Build.0 = Release|Any CPU
		{ADCCEBA8-3B47-4101-B093-5AD6A9689C95}.Debug|Any CPU.ActiveCfg = Debug|Any CPU
		{ADCCEBA8-3B47-4101-B093-5AD6A9689C95}.Debug|Any CPU.Build.0 = Debug|Any CPU
		{ADCCEBA8-3B47-4101-B093-5AD6A9689C95}.Release|Any CPU.ActiveCfg = Release|Any CPU
		{ADCCEBA8-3B47-4101-B093-5AD6A9689C95}.Release|Any CPU.Build.0 = Release|Any CPU
	EndGlobalSection
	GlobalSection(SolutionProperties) = preSolution
		HideSolutionNode = FALSE
	EndGlobalSection
	GlobalSection(ExtensibilityGlobals) = postSolution
		SolutionGuid = {E3CC36A0-BB07-457D-91A4-81108091901F}
	EndGlobalSection
EndGlobal
